// !$*UTF8*$!
{
	archiveVersion = 1;
	classes = {
	};
	objectVersion = 50;
	objects = {

/* Begin PBXBuildFile section */
		DD559D59232468EC00739E3A /* Gigs2.app in Sources */ = {isa = PBXBuildFile; fileRef = DD559D3523244D8500739E3A /* Gigs2.app */; };
		DD559D752324B4A500739E3A /* User.swift in Sources */ = {isa = PBXBuildFile; fileRef = DD559D732324B4A500739E3A /* User.swift */; };
		DD559D762324B4A500739E3A /* Bearer.swift in Sources */ = {isa = PBXBuildFile; fileRef = DD559D742324B4A500739E3A /* Bearer.swift */; };
		DD559D7A2324B4D500739E3A /* GigsTableViewController.swift in Sources */ = {isa = PBXBuildFile; fileRef = DD559D782324B4D400739E3A /* GigsTableViewController.swift */; };
		DD559D7B2324B4D500739E3A /* LoginTableViewController.swift in Sources */ = {isa = PBXBuildFile; fileRef = DD559D792324B4D400739E3A /* LoginTableViewController.swift */; };
		DD559D812324B50D00739E3A /* LaunchScreen.storyboard in Resources */ = {isa = PBXBuildFile; fileRef = DD559D7D2324B50C00739E3A /* LaunchScreen.storyboard */; };
		DD559D822324B50D00739E3A /* Main.storyboard in Resources */ = {isa = PBXBuildFile; fileRef = DD559D7F2324B50C00739E3A /* Main.storyboard */; };
		DD559D872324B56800739E3A /* AppDelegate.swift in Sources */ = {isa = PBXBuildFile; fileRef = DD559D842324B56800739E3A /* AppDelegate.swift */; };
		DD559D892324B56800739E3A /* Assets.xcassets in Resources */ = {isa = PBXBuildFile; fileRef = DD559D862324B56800739E3A /* Assets.xcassets */; };
		DD559D8B23259AA500739E3A /* GigController.swift in Sources */ = {isa = PBXBuildFile; fileRef = DD559D8A23259AA500739E3A /* GigController.swift */; };
		DD559D8E23259DD300739E3A /* Enums.swift in Sources */ = {isa = PBXBuildFile; fileRef = DD559D8D23259DD300739E3A /* Enums.swift */; };
/* End PBXBuildFile section */

/* Begin PBXFileReference section */
		DD559D3523244D8500739E3A /* Gigs2.app */ = {isa = PBXFileReference; explicitFileType = wrapper.application; includeInIndex = 0; path = Gigs2.app; sourceTree = BUILT_PRODUCTS_DIR; };
		DD559D51232454D400739E3A /* Default-568h@2x.png */ = {isa = PBXFileReference; lastKnownFileType = image.png; path = "Default-568h@2x.png"; sourceTree = "<group>"; };
		DD559D732324B4A500739E3A /* User.swift */ = {isa = PBXFileReference; fileEncoding = 4; lastKnownFileType = sourcecode.swift; path = User.swift; sourceTree = "<group>"; };
		DD559D742324B4A500739E3A /* Bearer.swift */ = {isa = PBXFileReference; fileEncoding = 4; lastKnownFileType = sourcecode.swift; path = Bearer.swift; sourceTree = "<group>"; };
		DD559D782324B4D400739E3A /* GigsTableViewController.swift */ = {isa = PBXFileReference; fileEncoding = 4; lastKnownFileType = sourcecode.swift; path = GigsTableViewController.swift; sourceTree = "<group>"; };
		DD559D792324B4D400739E3A /* LoginTableViewController.swift */ = {isa = PBXFileReference; fileEncoding = 4; lastKnownFileType = sourcecode.swift; path = LoginTableViewController.swift; sourceTree = "<group>"; };
		DD559D7E2324B50C00739E3A /* Base */ = {isa = PBXFileReference; lastKnownFileType = file.storyboard; name = Base; path = Base.lproj/LaunchScreen.storyboard; sourceTree = "<group>"; };
		DD559D802324B50C00739E3A /* Base */ = {isa = PBXFileReference; lastKnownFileType = file.storyboard; name = Base; path = Base.lproj/Main.storyboard; sourceTree = "<group>"; };
		DD559D842324B56800739E3A /* AppDelegate.swift */ = {isa = PBXFileReference; fileEncoding = 4; lastKnownFileType = sourcecode.swift; path = AppDelegate.swift; sourceTree = "<group>"; };
		DD559D852324B56800739E3A /* Info.plist */ = {isa = PBXFileReference; fileEncoding = 4; lastKnownFileType = text.plist.xml; path = Info.plist; sourceTree = "<group>"; };
		DD559D862324B56800739E3A /* Assets.xcassets */ = {isa = PBXFileReference; lastKnownFileType = folder.assetcatalog; path = Assets.xcassets; sourceTree = "<group>"; };
		DD559D8A23259AA500739E3A /* GigController.swift */ = {isa = PBXFileReference; lastKnownFileType = sourcecode.swift; path = GigController.swift; sourceTree = "<group>"; };
		DD559D8D23259DD300739E3A /* Enums.swift */ = {isa = PBXFileReference; lastKnownFileType = sourcecode.swift; path = Enums.swift; sourceTree = "<group>"; };
/* End PBXFileReference section */

/* Begin PBXFrameworksBuildPhase section */
		DD559D3223244D8500739E3A /* Frameworks */ = {
			isa = PBXFrameworksBuildPhase;
			buildActionMask = 2147483647;
			files = (
			);
			runOnlyForDeploymentPostprocessing = 0;
		};
/* End PBXFrameworksBuildPhase section */

/* Begin PBXGroup section */
		DD559D2C23244D8500739E3A = {
			isa = PBXGroup;
			children = (
				DD559D51232454D400739E3A /* Default-568h@2x.png */,
				DD559D3723244D8500739E3A /* Gigs */,
				DD559D3623244D8500739E3A /* Products */,
			);
			sourceTree = "<group>";
		};
		DD559D3623244D8500739E3A /* Products */ = {
			isa = PBXGroup;
			children = (
				DD559D3523244D8500739E3A /* Gigs2.app */,
			);
			name = Products;
			sourceTree = "<group>";
		};
		DD559D3723244D8500739E3A /* Gigs */ = {
			isa = PBXGroup;
			children = (
				DD559D832324B52E00739E3A /* Resources */,
				DD559D7C2324B50C00739E3A /* Storyboard */,
				DD559D772324B4D400739E3A /* View Controller */,
				DD559D722324B4A500739E3A /* Models */,
				DD559D8C23259AAF00739E3A /* Model Controller */,
			);
			path = Gigs;
			sourceTree = "<group>";
		};
		DD559D722324B4A500739E3A /* Models */ = {
			isa = PBXGroup;
			children = (
				DD559D732324B4A500739E3A /* User.swift */,
				DD559D742324B4A500739E3A /* Bearer.swift */,
				DD559D8D23259DD300739E3A /* Enums.swift */,
			);
			path = Models;
			sourceTree = "<group>";
		};
		DD559D772324B4D400739E3A /* View Controller */ = {
			isa = PBXGroup;
			children = (
				DD559D782324B4D400739E3A /* GigsTableViewController.swift */,
				DD559D792324B4D400739E3A /* LoginTableViewController.swift */,
			);
			path = "View Controller";
			sourceTree = "<group>";
		};
		DD559D7C2324B50C00739E3A /* Storyboard */ = {
			isa = PBXGroup;
			children = (
				DD559D7D2324B50C00739E3A /* LaunchScreen.storyboard */,
				DD559D7F2324B50C00739E3A /* Main.storyboard */,
			);
			path = Storyboard;
			sourceTree = "<group>";
		};
		DD559D832324B52E00739E3A /* Resources */ = {
			isa = PBXGroup;
			children = (
				DD559D842324B56800739E3A /* AppDelegate.swift */,
				DD559D862324B56800739E3A /* Assets.xcassets */,
				DD559D852324B56800739E3A /* Info.plist */,
			);
			path = Resources;
			sourceTree = "<group>";
		};
		DD559D8C23259AAF00739E3A /* Model Controller */ = {
			isa = PBXGroup;
			children = (
				DD559D8A23259AA500739E3A /* GigController.swift */,
			);
			path = "Model Controller";
			sourceTree = "<group>";
		};
/* End PBXGroup section */

/* Begin PBXNativeTarget section */
		DD559D3423244D8500739E3A /* Gigs2 */ = {
			isa = PBXNativeTarget;
			buildConfigurationList = DD559D4723244D8700739E3A /* Build configuration list for PBXNativeTarget "Gigs2" */;
			buildPhases = (
				DD559D3123244D8500739E3A /* Sources */,
				DD559D3223244D8500739E3A /* Frameworks */,
				DD559D3323244D8500739E3A /* Resources */,
			);
			buildRules = (
			);
			dependencies = (
			);
			name = Gigs2;
			productName = Gigs;
			productReference = DD559D3523244D8500739E3A /* Gigs2.app */;
			productType = "com.apple.product-type.application";
		};
/* End PBXNativeTarget section */

/* Begin PBXProject section */
		DD559D2D23244D8500739E3A /* Project object */ = {
			isa = PBXProject;
			attributes = {
				LastSwiftUpdateCheck = 1030;
				LastUpgradeCheck = 1030;
				ORGANIZATIONNAME = "Lamdba School";
				TargetAttributes = {
					DD559D3423244D8500739E3A = {
						CreatedOnToolsVersion = 10.3;
					};
				};
			};
			buildConfigurationList = DD559D3023244D8500739E3A /* Build configuration list for PBXProject "Gigs2" */;
			compatibilityVersion = "Xcode 9.3";
			developmentRegion = en;
			hasScannedForEncodings = 0;
			knownRegions = (
				en,
				Base,
			);
			mainGroup = DD559D2C23244D8500739E3A;
			productRefGroup = DD559D3623244D8500739E3A /* Products */;
			projectDirPath = "";
			projectRoot = "";
			targets = (
				DD559D3423244D8500739E3A /* Gigs2 */,
			);
		};
/* End PBXProject section */

/* Begin PBXResourcesBuildPhase section */
		DD559D3323244D8500739E3A /* Resources */ = {
			isa = PBXResourcesBuildPhase;
			buildActionMask = 2147483647;
			files = (
				DD559D812324B50D00739E3A /* LaunchScreen.storyboard in Resources */,
				DD559D822324B50D00739E3A /* Main.storyboard in Resources */,
				DD559D892324B56800739E3A /* Assets.xcassets in Resources */,
			);
			runOnlyForDeploymentPostprocessing = 0;
		};
/* End PBXResourcesBuildPhase section */

/* Begin PBXSourcesBuildPhase section */
		DD559D3123244D8500739E3A /* Sources */ = {
			isa = PBXSourcesBuildPhase;
			buildActionMask = 2147483647;
			files = (
				DD559D872324B56800739E3A /* AppDelegate.swift in Sources */,
				DD559D8B23259AA500739E3A /* GigController.swift in Sources */,
				DD559D752324B4A500739E3A /* User.swift in Sources */,
				DD559D762324B4A500739E3A /* Bearer.swift in Sources */,
				DD559D59232468EC00739E3A /* Gigs2.app in Sources */,
				DD559D7A2324B4D500739E3A /* GigsTableViewController.swift in Sources */,
				DD559D8E23259DD300739E3A /* Enums.swift in Sources */,
				DD559D7B2324B4D500739E3A /* LoginTableViewController.swift in Sources */,
			);
			runOnlyForDeploymentPostprocessing = 0;
		};
/* End PBXSourcesBuildPhase section */

/* Begin PBXVariantGroup section */
		DD559D7D2324B50C00739E3A /* LaunchScreen.storyboard */ = {
			isa = PBXVariantGroup;
			children = (
				DD559D7E2324B50C00739E3A /* Base */,
			);
			name = LaunchScreen.storyboard;
			sourceTree = "<group>";
		};
		DD559D7F2324B50C00739E3A /* Main.storyboard */ = {
			isa = PBXVariantGroup;
			children = (
				DD559D802324B50C00739E3A /* Base */,
			);
			name = Main.storyboard;
			sourceTree = "<group>";
		};
/* End PBXVariantGroup section */

/* Begin XCBuildConfiguration section */
		DD559D4523244D8700739E3A /* Debug */ = {
			isa = XCBuildConfiguration;
			buildSettings = {
				ALWAYS_SEARCH_USER_PATHS = NO;
				CLANG_ANALYZER_NONNULL = YES;
				CLANG_ANALYZER_NUMBER_OBJECT_CONVERSION = YES_AGGRESSIVE;
				CLANG_CXX_LANGUAGE_STANDARD = "gnu++14";
				CLANG_CXX_LIBRARY = "libc++";
				CLANG_ENABLE_MODULES = YES;
				CLANG_ENABLE_OBJC_ARC = YES;
				CLANG_ENABLE_OBJC_WEAK = YES;
				CLANG_WARN_BLOCK_CAPTURE_AUTORELEASING = YES;
				CLANG_WARN_BOOL_CONVERSION = YES;
				CLANG_WARN_COMMA = YES;
				CLANG_WARN_CONSTANT_CONVERSION = YES;
				CLANG_WARN_DEPRECATED_OBJC_IMPLEMENTATIONS = YES;
				CLANG_WARN_DIRECT_OBJC_ISA_USAGE = YES_ERROR;
				CLANG_WARN_DOCUMENTATION_COMMENTS = YES;
				CLANG_WARN_EMPTY_BODY = YES;
				CLANG_WARN_ENUM_CONVERSION = YES;
				CLANG_WARN_INFINITE_RECURSION = YES;
				CLANG_WARN_INT_CONVERSION = YES;
				CLANG_WARN_NON_LITERAL_NULL_CONVERSION = YES;
				CLANG_WARN_OBJC_IMPLICIT_RETAIN_SELF = YES;
				CLANG_WARN_OBJC_LITERAL_CONVERSION = YES;
				CLANG_WARN_OBJC_ROOT_CLASS = YES_ERROR;
				CLANG_WARN_RANGE_LOOP_ANALYSIS = YES;
				CLANG_WARN_STRICT_PROTOTYPES = YES;
				CLANG_WARN_SUSPICIOUS_MOVE = YES;
				CLANG_WARN_UNGUARDED_AVAILABILITY = YES_AGGRESSIVE;
				CLANG_WARN_UNREACHABLE_CODE = YES;
				CLANG_WARN__DUPLICATE_METHOD_MATCH = YES;
				CODE_SIGN_IDENTITY = "iPhone Developer";
				COPY_PHASE_STRIP = NO;
				DEBUG_INFORMATION_FORMAT = dwarf;
				ENABLE_STRICT_OBJC_MSGSEND = YES;
				ENABLE_TESTABILITY = YES;
				GCC_C_LANGUAGE_STANDARD = gnu11;
				GCC_DYNAMIC_NO_PIC = NO;
				GCC_NO_COMMON_BLOCKS = YES;
				GCC_OPTIMIZATION_LEVEL = 0;
				GCC_PREPROCESSOR_DEFINITIONS = (
					"DEBUG=1",
					"$(inherited)",
				);
				GCC_WARN_64_TO_32_BIT_CONVERSION = YES;
				GCC_WARN_ABOUT_RETURN_TYPE = YES_ERROR;
				GCC_WARN_UNDECLARED_SELECTOR = YES;
				GCC_WARN_UNINITIALIZED_AUTOS = YES_AGGRESSIVE;
				GCC_WARN_UNUSED_FUNCTION = YES;
				GCC_WARN_UNUSED_VARIABLE = YES;
				IPHONEOS_DEPLOYMENT_TARGET = 12.4;
				MTL_ENABLE_DEBUG_INFO = INCLUDE_SOURCE;
				MTL_FAST_MATH = YES;
				ONLY_ACTIVE_ARCH = YES;
				SDKROOT = iphoneos;
				SWIFT_ACTIVE_COMPILATION_CONDITIONS = DEBUG;
				SWIFT_OPTIMIZATION_LEVEL = "-Onone";
			};
			name = Debug;
		};
		DD559D4623244D8700739E3A /* Release */ = {
			isa = XCBuildConfiguration;
			buildSettings = {
				ALWAYS_SEARCH_USER_PATHS = NO;
				CLANG_ANALYZER_NONNULL = YES;
				CLANG_ANALYZER_NUMBER_OBJECT_CONVERSION = YES_AGGRESSIVE;
				CLANG_CXX_LANGUAGE_STANDARD = "gnu++14";
				CLANG_CXX_LIBRARY = "libc++";
				CLANG_ENABLE_MODULES = YES;
				CLANG_ENABLE_OBJC_ARC = YES;
				CLANG_ENABLE_OBJC_WEAK = YES;
				CLANG_WARN_BLOCK_CAPTURE_AUTORELEASING = YES;
				CLANG_WARN_BOOL_CONVERSION = YES;
				CLANG_WARN_COMMA = YES;
				CLANG_WARN_CONSTANT_CONVERSION = YES;
				CLANG_WARN_DEPRECATED_OBJC_IMPLEMENTATIONS = YES;
				CLANG_WARN_DIRECT_OBJC_ISA_USAGE = YES_ERROR;
				CLANG_WARN_DOCUMENTATION_COMMENTS = YES;
				CLANG_WARN_EMPTY_BODY = YES;
				CLANG_WARN_ENUM_CONVERSION = YES;
				CLANG_WARN_INFINITE_RECURSION = YES;
				CLANG_WARN_INT_CONVERSION = YES;
				CLANG_WARN_NON_LITERAL_NULL_CONVERSION = YES;
				CLANG_WARN_OBJC_IMPLICIT_RETAIN_SELF = YES;
				CLANG_WARN_OBJC_LITERAL_CONVERSION = YES;
				CLANG_WARN_OBJC_ROOT_CLASS = YES_ERROR;
				CLANG_WARN_RANGE_LOOP_ANALYSIS = YES;
				CLANG_WARN_STRICT_PROTOTYPES = YES;
				CLANG_WARN_SUSPICIOUS_MOVE = YES;
				CLANG_WARN_UNGUARDED_AVAILABILITY = YES_AGGRESSIVE;
				CLANG_WARN_UNREACHABLE_CODE = YES;
				CLANG_WARN__DUPLICATE_METHOD_MATCH = YES;
				CODE_SIGN_IDENTITY = "iPhone Developer";
				COPY_PHASE_STRIP = NO;
				DEBUG_INFORMATION_FORMAT = "dwarf-with-dsym";
				ENABLE_NS_ASSERTIONS = NO;
				ENABLE_STRICT_OBJC_MSGSEND = YES;
				GCC_C_LANGUAGE_STANDARD = gnu11;
				GCC_NO_COMMON_BLOCKS = YES;
				GCC_WARN_64_TO_32_BIT_CONVERSION = YES;
				GCC_WARN_ABOUT_RETURN_TYPE = YES_ERROR;
				GCC_WARN_UNDECLARED_SELECTOR = YES;
				GCC_WARN_UNINITIALIZED_AUTOS = YES_AGGRESSIVE;
				GCC_WARN_UNUSED_FUNCTION = YES;
				GCC_WARN_UNUSED_VARIABLE = YES;
				IPHONEOS_DEPLOYMENT_TARGET = 12.4;
				MTL_ENABLE_DEBUG_INFO = NO;
				MTL_FAST_MATH = YES;
				SDKROOT = iphoneos;
				SWIFT_COMPILATION_MODE = wholemodule;
				SWIFT_OPTIMIZATION_LEVEL = "-O";
				VALIDATE_PRODUCT = YES;
			};
			name = Release;
		};
		DD559D4823244D8700739E3A /* Debug */ = {
			isa = XCBuildConfiguration;
			buildSettings = {
				CODE_SIGN_STYLE = Automatic;
				DEVELOPMENT_TEAM = T87Y8KB3R4;
				INFOPLIST_FILE = "$(SRCROOT)/Gigs/Resources/Info.plist";
				LD_RUNPATH_SEARCH_PATHS = (
					"$(inherited)",
					"@executable_path/Frameworks",
				);
				PRODUCT_BUNDLE_IDENTIFIER = com.percyNgan.Gigs;
				PRODUCT_NAME = "$(TARGET_NAME)";
				SWIFT_VERSION = 5.0;
				TARGETED_DEVICE_FAMILY = "1,2";
			};
			name = Debug;
		};
		DD559D4923244D8700739E3A /* Release */ = {
			isa = XCBuildConfiguration;
			buildSettings = {
				CODE_SIGN_STYLE = Automatic;
				DEVELOPMENT_TEAM = T87Y8KB3R4;
				INFOPLIST_FILE = "$(SRCROOT)/Gigs/Resources/Info.plist";
				LD_RUNPATH_SEARCH_PATHS = (
					"$(inherited)",
					"@executable_path/Frameworks",
				);
				PRODUCT_BUNDLE_IDENTIFIER = com.percyNgan.Gigs;
				PRODUCT_NAME = "$(TARGET_NAME)";
				SWIFT_VERSION = 5.0;
				TARGETED_DEVICE_FAMILY = "1,2";
			};
			name = Release;
		};
/* End XCBuildConfiguration section */

/* Begin XCConfigurationList section */
		DD559D3023244D8500739E3A /* Build configuration list for PBXProject "Gigs2" */ = {
			isa = XCConfigurationList;
			buildConfigurations = (
				DD559D4523244D8700739E3A /* Debug */,
				DD559D4623244D8700739E3A /* Release */,
			);
			defaultConfigurationIsVisible = 0;
			defaultConfigurationName = Release;
		};
		DD559D4723244D8700739E3A /* Build configuration list for PBXNativeTarget "Gigs2" */ = {
			isa = XCConfigurationList;
			buildConfigurations = (
				DD559D4823244D8700739E3A /* Debug */,
				DD559D4923244D8700739E3A /* Release */,
			);
			defaultConfigurationIsVisible = 0;
			defaultConfigurationName = Release;
		};
/* End XCConfigurationList section */
	};
	rootObject = DD559D2D23244D8500739E3A /* Project object */;
}
